
Microsoft Visual Studio Solution File, Format Version 12.00
# Visual Studio Version 17
VisualStudioVersion = 17.0.31903.59
MinimumVisualStudioVersion = 10.0.40219.1
Project("{FAE04EC0-301F-11D3-BF4B-00C04F79EFBC}") = "BookStore", "BookStore.csproj", "{D75E151A-E9C6-46FA-9ACF-DC7568A5A354}"
EndProject
Project("{FAE04EC0-301F-11D3-BF4B-00C04F79EFBC}") = "Tests", "Tests\Tests.csproj", "{4766DE3D-46B5-4970-897E-8851177B01A2}"
EndProject
Project("{FAE04EC0-301F-11D3-BF4B-00C04F79EFBC}") = "CursorConvertedEFCoreApp.Tests", "CursorConvertedEFCoreApp.Tests\CursorConvertedEFCoreApp.Tests.csproj", "{FA40CA6B-2076-4956-A169-17A68F03BA7F}"
EndProject
Global
	GlobalSection(SolutionConfigurationPlatforms) = preSolution
		Debug|Any CPU = Debug|Any CPU
		Debug|x64 = Debug|x64
		Debug|x86 = Debug|x86
		Release|Any CPU = Release|Any CPU
		Release|x64 = Release|x64
		Release|x86 = Release|x86
	EndGlobalSection
	GlobalSection(ProjectConfigurationPlatforms) = postSolution
		{D75E151A-E9C6-46FA-9ACF-DC7568A5A354}.Debug|Any CPU.ActiveCfg = Debug|Any CPU
		{D75E151A-E9C6-46FA-9ACF-DC7568A5A354}.Debug|Any CPU.Build.0 = Debug|Any CPU
		{D75E151A-E9C6-46FA-9ACF-DC7568A5A354}.Debug|x64.ActiveCfg = Debug|Any CPU
		{D75E151A-E9C6-46FA-9ACF-DC7568A5A354}.Debug|x64.Build.0 = Debug|Any CPU
		{D75E151A-E9C6-46FA-9ACF-DC7568A5A354}.Debug|x86.ActiveCfg = Debug|Any CPU
		{D75E151A-E9C6-46FA-9ACF-DC7568A5A354}.Debug|x86.Build.0 = Debug|Any CPU
		{D75E151A-E9C6-46FA-9ACF-DC7568A5A354}.Release|Any CPU.ActiveCfg = Release|Any CPU
		{D75E151A-E9C6-46FA-9ACF-DC7568A5A354}.Release|Any CPU.Build.0 = Release|Any CPU
		{D75E151A-E9C6-46FA-9ACF-DC7568A5A354}.Release|x64.ActiveCfg = Release|Any CPU
		{D75E151A-E9C6-46FA-9ACF-DC7568A5A354}.Release|x64.Build.0 = Release|Any CPU
		{D75E151A-E9C6-46FA-9ACF-DC7568A5A354}.Release|x86.ActiveCfg = Release|Any CPU
		{D75E151A-E9C6-46FA-9ACF-DC7568A5A354}.Release|x86.Build.0 = Release|Any CPU
		{4766DE3D-46B5-4970-897E-8851177B01A2}.Debug|Any CPU.ActiveCfg = Debug|Any CPU
		{4766DE3D-46B5-4970-897E-8851177B01A2}.Debug|Any CPU.Build.0 = Debug|Any CPU
		{4766DE3D-46B5-4970-897E-8851177B01A2}.Debug|x64.ActiveCfg = Debug|Any CPU
		{4766DE3D-46B5-4970-897E-8851177B01A2}.Debug|x64.Build.0 = Debug|Any CPU
		{4766DE3D-46B5-4970-897E-8851177B01A2}.Debug|x86.ActiveCfg = Debug|Any CPU
		{4766DE3D-46B5-4970-897E-8851177B01A2}.Debug|x86.Build.0 = Debug|Any CPU
		{4766DE3D-46B5-4970-897E-8851177B01A2}.Release|Any CPU.ActiveCfg = Release|Any CPU
		{4766DE3D-46B5-4970-897E-8851177B01A2}.Release|Any CPU.Build.0 = Release|Any CPU
		{4766DE3D-46B5-4970-897E-8851177B01A2}.Release|x64.ActiveCfg = Release|Any CPU
		{4766DE3D-46B5-4970-897E-8851177B01A2}.Release|x64.Build.0 = Release|Any CPU
		{4766DE3D-46B5-4970-897E-8851177B01A2}.Release|x86.ActiveCfg = Release|Any CPU
		{4766DE3D-46B5-4970-897E-8851177B01A2}.Release|x86.Build.0 = Release|Any CPU
		{FA40CA6B-2076-4956-A169-17A68F03BA7F}.Debug|Any CPU.ActiveCfg = Debug|Any CPU
		{FA40CA6B-2076-4956-A169-17A68F03BA7F}.Debug|Any CPU.Build.0 = Debug|Any CPU
		{FA40CA6B-2076-4956-A169-17A68F03BA7F}.Debug|x64.ActiveCfg = Debug|Any CPU
		{FA40CA6B-2076-4956-A169-17A68F03BA7F}.Debug|x64.Build.0 = Debug|Any CPU
		{FA40CA6B-2076-4956-A169-17A68F03BA7F}.Debug|x86.ActiveCfg = Debug|Any CPU
		{FA40CA6B-2076-4956-A169-17A68F03BA7F}.Debug|x86.Build.0 = Debug|Any CPU
		{FA40CA6B-2076-4956-A169-17A68F03BA7F}.Release|Any CPU.ActiveCfg = Release|Any CPU
		{FA40CA6B-2076-4956-A169-17A68F03BA7F}.Release|Any CPU.Build.0 = Release|Any CPU
		{FA40CA6B-2076-4956-A169-17A68F03BA7F}.Release|x64.ActiveCfg = Release|Any CPU
		{FA40CA6B-2076-4956-A169-17A68F03BA7F}.Release|x64.Build.0 = Release|Any CPU
		{FA40CA6B-2076-4956-A169-17A68F03BA7F}.Release|x86.ActiveCfg = Release|Any CPU
		{FA40CA6B-2076-4956-A169-17A68F03BA7F}.Release|x86.Build.0 = Release|Any CPU
	EndGlobalSection
	GlobalSection(SolutionProperties) = preSolution
		HideSolutionNode = FALSE
	EndGlobalSection
EndGlobal
